
Microsoft Visual Studio Solution File, Format Version 12.00
# Visual Studio Version 16
VisualStudioVersion = 16.0.30804.86
MinimumVisualStudioVersion = 10.0.40219.1
Project("{9A19103F-16F7-4668-BE54-9A1E7A4F7556}") = "alxnbl.OneNoteMdExporter", "alxnbl.OneNoteMdExporter.csproj", "{3D5886DD-752E-48FB-BC28-8F37F3298948}"
EndProject
Global
	GlobalSection(SolutionConfigurationPlatforms) = preSolution
		Debug|Any CPU = Debug|Any CPU
		Release|Any CPU = Release|Any CPU
	EndGlobalSection
	GlobalSection(ProjectConfigurationPlatforms) = postSolution
		{3D5886DD-752E-48FB-BC28-8F37F3298948}.Debug|Any CPU.ActiveCfg = Debug|Any CPU
		{3D5886DD-752E-48FB-BC28-8F37F3298948}.Debug|Any CPU.Build.0 = Debug|Any CPU
		{3D5886DD-752E-48FB-BC28-8F37F3298948}.Release|Any CPU.ActiveCfg = Release|Any CPU
		{3D5886DD-752E-48FB-BC28-8F37F3298948}.Release|Any CPU.Build.0 = Release|Any CPU
	EndGlobalSection
	GlobalSection(SolutionProperties) = preSolution
		HideSolutionNode = FALSE
	EndGlobalSection
	GlobalSection(ExtensibilityGlobals) = postSolution
		SolutionGuid = {9FD4F0D7-BD45-45B1-BC2F-E206A3B09A11}
	EndGlobalSection
EndGlobal
